// !$*UTF8*$!
{
	archiveVersion = 1;
	classes = {
	};
	objectVersion = 55;
	objects = {

/* Begin PBXBuildFile section */
		041E0A8828D2DA350076A5F4 /* UIGrid.swift in Sources */ = {isa = PBXBuildFile; fileRef = 041E0A8728D2DA350076A5F4 /* UIGrid.swift */; };
		041E0A8A28D30AA70076A5F4 /* ListActivityArea.swift in Sources */ = {isa = PBXBuildFile; fileRef = 041E0A8928D30AA70076A5F4 /* ListActivityArea.swift */; };
		041E0A8C28D311080076A5F4 /* BannerTab.swift in Sources */ = {isa = PBXBuildFile; fileRef = 041E0A8B28D311080076A5F4 /* BannerTab.swift */; };
		041E0A8E28D411D10076A5F4 /* ListActivityPromotion.swift in Sources */ = {isa = PBXBuildFile; fileRef = 041E0A8D28D411D10076A5F4 /* ListActivityPromotion.swift */; };
		041E0A9028D416F60076A5F4 /* AreaItem.swift in Sources */ = {isa = PBXBuildFile; fileRef = 041E0A8F28D416F60076A5F4 /* AreaItem.swift */; };
		041E0A9228D457540076A5F4 /* ListActivityTrending.swift in Sources */ = {isa = PBXBuildFile; fileRef = 041E0A9128D457540076A5F4 /* ListActivityTrending.swift */; };
		041E0A9428D45B470076A5F4 /* ListActivityNew.swift in Sources */ = {isa = PBXBuildFile; fileRef = 041E0A9328D45B470076A5F4 /* ListActivityNew.swift */; };
		041E0A9628D45BFB0076A5F4 /* ListActivityFavorite.swift in Sources */ = {isa = PBXBuildFile; fileRef = 041E0A9528D45BFB0076A5F4 /* ListActivityFavorite.swift */; };
		0444622328D17FE200F3B7F2 /* ActivityItem.swift in Sources */ = {isa = PBXBuildFile; fileRef = 0444622228D17FE200F3B7F2 /* ActivityItem.swift */; };
		0444622528D1810A00F3B7F2 /* ActivityPageItem.swift in Sources */ = {isa = PBXBuildFile; fileRef = 0444622428D1810A00F3B7F2 /* ActivityPageItem.swift */; };
		04830C5D28CED86800EA50B1 /* LoginView.swift in Sources */ = {isa = PBXBuildFile; fileRef = 04830C5C28CED86800EA50B1 /* LoginView.swift */; };
		049287AA28C8A12C006B2EA6 /* AppDelegate.swift in Sources */ = {isa = PBXBuildFile; fileRef = 049287A928C8A12C006B2EA6 /* AppDelegate.swift */; };
		0493B3DF28CF3E700086B816 /* CategoryItem.swift in Sources */ = {isa = PBXBuildFile; fileRef = 0493B3DE28CF3E700086B816 /* CategoryItem.swift */; };
		049D400628BC526C00606A0E /* CollectionViewCell.swift in Sources */ = {isa = PBXBuildFile; fileRef = 049D400428BC526C00606A0E /* CollectionViewCell.swift */; };
		049D400728BC526C00606A0E /* CollectionViewCell.xib in Resources */ = {isa = PBXBuildFile; fileRef = 049D400528BC526C00606A0E /* CollectionViewCell.xib */; };
		049D400928BDAA7800606A0E /* TabBarRouter.swift in Sources */ = {isa = PBXBuildFile; fileRef = 049D400828BDAA7800606A0E /* TabBarRouter.swift */; };
		049D400B28BDAAA400606A0E /* TabItem.swift in Sources */ = {isa = PBXBuildFile; fileRef = 049D400A28BDAAA400606A0E /* TabItem.swift */; };
		049D400F28BDAB9800606A0E /* HomeView.swift in Sources */ = {isa = PBXBuildFile; fileRef = 049D400E28BDAB9800606A0E /* HomeView.swift */; };
		049D401328BDAD1200606A0E /* JobView.swift in Sources */ = {isa = PBXBuildFile; fileRef = 049D401228BDAD1200606A0E /* JobView.swift */; };
		049D401528BDAD3D00606A0E /* ProfileView.swift in Sources */ = {isa = PBXBuildFile; fileRef = 049D401428BDAD3D00606A0E /* ProfileView.swift */; };
		049D401728BDAE9000606A0E /* ChatView.swift in Sources */ = {isa = PBXBuildFile; fileRef = 049D401628BDAE9000606A0E /* ChatView.swift */; };
		049D401928BDE40C00606A0E /* SettingView.swift in Sources */ = {isa = PBXBuildFile; fileRef = 049D401828BDE40C00606A0E /* SettingView.swift */; };
		049D401B28BEEBB200606A0E /* NotificationView.swift in Sources */ = {isa = PBXBuildFile; fileRef = 049D401A28BEEBB200606A0E /* NotificationView.swift */; };
		049D401F28BEF44600606A0E /* SideMenu.swift in Sources */ = {isa = PBXBuildFile; fileRef = 049D401E28BEF44600606A0E /* SideMenu.swift */; };
		04A47BF728B8C92B0017B26E /* HelloActivityApp.swift in Sources */ = {isa = PBXBuildFile; fileRef = 04A47BF628B8C92B0017B26E /* HelloActivityApp.swift */; };
		04A47BF928B8C92B0017B26E /* ContentView.swift in Sources */ = {isa = PBXBuildFile; fileRef = 04A47BF828B8C92B0017B26E /* ContentView.swift */; };
		04A47BFB28B8C92D0017B26E /* Assets.xcassets in Resources */ = {isa = PBXBuildFile; fileRef = 04A47BFA28B8C92D0017B26E /* Assets.xcassets */; };
		04A47BFE28B8C92D0017B26E /* Preview Assets.xcassets in Resources */ = {isa = PBXBuildFile; fileRef = 04A47BFD28B8C92D0017B26E /* Preview Assets.xcassets */; };
		04A47C0828B8C92D0017B26E /* HelloActivityTests.swift in Sources */ = {isa = PBXBuildFile; fileRef = 04A47C0728B8C92D0017B26E /* HelloActivityTests.swift */; };
		04A47C1228B8C92D0017B26E /* HelloActivityUITests.swift in Sources */ = {isa = PBXBuildFile; fileRef = 04A47C1128B8C92D0017B26E /* HelloActivityUITests.swift */; };
		04A47C1428B8C92D0017B26E /* HelloActivityUITestsLaunchTests.swift in Sources */ = {isa = PBXBuildFile; fileRef = 04A47C1328B8C92D0017B26E /* HelloActivityUITestsLaunchTests.swift */; };
		04C36EDA28C874C300CBC488 /* OnboardingView.swift in Sources */ = {isa = PBXBuildFile; fileRef = 04C36ED928C874C300CBC488 /* OnboardingView.swift */; };
		04C6E66928C8425500317F2D /* ChatItem.swift in Sources */ = {isa = PBXBuildFile; fileRef = 04C6E66828C8425500317F2D /* ChatItem.swift */; };
		04F3904228D49014002D92BA /* LoginViewModel.swift in Sources */ = {isa = PBXBuildFile; fileRef = 04F3904028D49014002D92BA /* LoginViewModel.swift */; };
		04F3904328D49014002D92BA /* BaseViewModel.swift in Sources */ = {isa = PBXBuildFile; fileRef = 04F3904128D49014002D92BA /* BaseViewModel.swift */; };
		04F3904828D49034002D92BA /* APIClient.swift in Sources */ = {isa = PBXBuildFile; fileRef = 04F3904528D49034002D92BA /* APIClient.swift */; };
		04F3904928D49034002D92BA /* APIManager.swift in Sources */ = {isa = PBXBuildFile; fileRef = 04F3904628D49034002D92BA /* APIManager.swift */; };
		04F3904A28D49034002D92BA /* Application.swift in Sources */ = {isa = PBXBuildFile; fileRef = 04F3904728D49034002D92BA /* Application.swift */; };
		04F3905828D4906A002D92BA /* FBLoginButton.swift in Sources */ = {isa = PBXBuildFile; fileRef = 04F3905428D4906A002D92BA /* FBLoginButton.swift */; };
		04F3905928D4906A002D92BA /* LineLoginButton.swift in Sources */ = {isa = PBXBuildFile; fileRef = 04F3905528D4906A002D92BA /* LineLoginButton.swift */; };
		04F3905A28D4906A002D92BA /* RegisterView.swift in Sources */ = {isa = PBXBuildFile; fileRef = 04F3905728D4906A002D92BA /* RegisterView.swift */; };
		04F3906028D490A1002D92BA /* AuthenticationRegister.swift in Sources */ = {isa = PBXBuildFile; fileRef = 04F3905F28D490A1002D92BA /* AuthenticationRegister.swift */; };
		04F3906228D490B6002D92BA /* UserLogin.swift in Sources */ = {isa = PBXBuildFile; fileRef = 04F3906128D490B6002D92BA /* UserLogin.swift */; };
		04F3906528D490D7002D92BA /* View+Extensions.swift in Sources */ = {isa = PBXBuildFile; fileRef = 04F3906428D490D7002D92BA /* View+Extensions.swift */; };
		04F3906928D49170002D92BA /* RegisterViewModel.swift in Sources */ = {isa = PBXBuildFile; fileRef = 04F3906828D49170002D92BA /* RegisterViewModel.swift */; };
		A7DD615638CBC2BB280E3A7D /* Pods_HelloActivity.framework in Frameworks */ = {isa = PBXBuildFile; fileRef = 99FAFCEC2F07985A08FADCE0 /* Pods_HelloActivity.framework */; };
		B5CF6A6E28D8BC3A006143CD /* String+Extensions.swift in Sources */ = {isa = PBXBuildFile; fileRef = B5CF6A6D28D8BC3A006143CD /* String+Extensions.swift */; };
		B5E19EB628D68D1A008BCEB7 /* AuthenticationLogin.swift in Sources */ = {isa = PBXBuildFile; fileRef = B5E19EB528D68D1A008BCEB7 /* AuthenticationLogin.swift */; };
		FD99E76028D8016500116D23 /* R.generated.swift in Sources */ = {isa = PBXBuildFile; fileRef = FD99E75F28D8016500116D23 /* R.generated.swift */; };
		FD99E76328D8102700116D23 /* Localizable.strings in Resources */ = {isa = PBXBuildFile; fileRef = FD99E76528D8102700116D23 /* Localizable.strings */; };
		FD99E76928D8261300116D23 /* ProgressApp.swift in Sources */ = {isa = PBXBuildFile; fileRef = FD99E76828D8261300116D23 /* ProgressApp.swift */; };
		FD99E76D28D8722800116D23 /* UserDefault+Extensions.swift in Sources */ = {isa = PBXBuildFile; fileRef = FD99E76C28D8722800116D23 /* UserDefault+Extensions.swift */; };
/* End PBXBuildFile section */

/* Begin PBXContainerItemProxy section */
		04A47C0428B8C92D0017B26E /* PBXContainerItemProxy */ = {
			isa = PBXContainerItemProxy;
			containerPortal = 04A47BEB28B8C92B0017B26E /* Project object */;
			proxyType = 1;
			remoteGlobalIDString = 04A47BF228B8C92B0017B26E;
			remoteInfo = HelloActivity;
		};
		04A47C0E28B8C92D0017B26E /* PBXContainerItemProxy */ = {
			isa = PBXContainerItemProxy;
			containerPortal = 04A47BEB28B8C92B0017B26E /* Project object */;
			proxyType = 1;
			remoteGlobalIDString = 04A47BF228B8C92B0017B26E;
			remoteInfo = HelloActivity;
		};
/* End PBXContainerItemProxy section */

/* Begin PBXFileReference section */
		041E0A8728D2DA350076A5F4 /* UIGrid.swift */ = {isa = PBXFileReference; lastKnownFileType = sourcecode.swift; path = UIGrid.swift; sourceTree = "<group>"; };
		041E0A8928D30AA70076A5F4 /* ListActivityArea.swift */ = {isa = PBXFileReference; lastKnownFileType = sourcecode.swift; path = ListActivityArea.swift; sourceTree = "<group>"; };
		041E0A8B28D311080076A5F4 /* BannerTab.swift */ = {isa = PBXFileReference; lastKnownFileType = sourcecode.swift; path = BannerTab.swift; sourceTree = "<group>"; };
		041E0A8D28D411D10076A5F4 /* ListActivityPromotion.swift */ = {isa = PBXFileReference; lastKnownFileType = sourcecode.swift; path = ListActivityPromotion.swift; sourceTree = "<group>"; };
		041E0A8F28D416F60076A5F4 /* AreaItem.swift */ = {isa = PBXFileReference; lastKnownFileType = sourcecode.swift; path = AreaItem.swift; sourceTree = "<group>"; };
		041E0A9128D457540076A5F4 /* ListActivityTrending.swift */ = {isa = PBXFileReference; lastKnownFileType = sourcecode.swift; path = ListActivityTrending.swift; sourceTree = "<group>"; };
		041E0A9328D45B470076A5F4 /* ListActivityNew.swift */ = {isa = PBXFileReference; lastKnownFileType = sourcecode.swift; path = ListActivityNew.swift; sourceTree = "<group>"; };
		041E0A9528D45BFB0076A5F4 /* ListActivityFavorite.swift */ = {isa = PBXFileReference; lastKnownFileType = sourcecode.swift; path = ListActivityFavorite.swift; sourceTree = "<group>"; };
		0444622228D17FE200F3B7F2 /* ActivityItem.swift */ = {isa = PBXFileReference; lastKnownFileType = sourcecode.swift; path = ActivityItem.swift; sourceTree = "<group>"; };
		0444622428D1810A00F3B7F2 /* ActivityPageItem.swift */ = {isa = PBXFileReference; lastKnownFileType = sourcecode.swift; path = ActivityPageItem.swift; sourceTree = "<group>"; };
		04830C5C28CED86800EA50B1 /* LoginView.swift */ = {isa = PBXFileReference; lastKnownFileType = sourcecode.swift; path = LoginView.swift; sourceTree = "<group>"; };
		049287A928C8A12C006B2EA6 /* AppDelegate.swift */ = {isa = PBXFileReference; lastKnownFileType = sourcecode.swift; path = AppDelegate.swift; sourceTree = "<group>"; };
		049287AB28C8A1D1006B2EA6 /* Info.plist */ = {isa = PBXFileReference; lastKnownFileType = text.plist; path = Info.plist; sourceTree = "<group>"; };
		0493B3DE28CF3E700086B816 /* CategoryItem.swift */ = {isa = PBXFileReference; lastKnownFileType = sourcecode.swift; path = CategoryItem.swift; sourceTree = "<group>"; };
		049D400428BC526C00606A0E /* CollectionViewCell.swift */ = {isa = PBXFileReference; lastKnownFileType = sourcecode.swift; path = CollectionViewCell.swift; sourceTree = "<group>"; };
		049D400528BC526C00606A0E /* CollectionViewCell.xib */ = {isa = PBXFileReference; lastKnownFileType = file.xib; path = CollectionViewCell.xib; sourceTree = "<group>"; };
		049D400828BDAA7800606A0E /* TabBarRouter.swift */ = {isa = PBXFileReference; lastKnownFileType = sourcecode.swift; path = TabBarRouter.swift; sourceTree = "<group>"; };
		049D400A28BDAAA400606A0E /* TabItem.swift */ = {isa = PBXFileReference; lastKnownFileType = sourcecode.swift; path = TabItem.swift; sourceTree = "<group>"; };
		049D400E28BDAB9800606A0E /* HomeView.swift */ = {isa = PBXFileReference; lastKnownFileType = sourcecode.swift; path = HomeView.swift; sourceTree = "<group>"; };
		049D401228BDAD1200606A0E /* JobView.swift */ = {isa = PBXFileReference; lastKnownFileType = sourcecode.swift; path = JobView.swift; sourceTree = "<group>"; };
		049D401428BDAD3D00606A0E /* ProfileView.swift */ = {isa = PBXFileReference; lastKnownFileType = sourcecode.swift; path = ProfileView.swift; sourceTree = "<group>"; };
		049D401628BDAE9000606A0E /* ChatView.swift */ = {isa = PBXFileReference; lastKnownFileType = sourcecode.swift; path = ChatView.swift; sourceTree = "<group>"; };
		049D401828BDE40C00606A0E /* SettingView.swift */ = {isa = PBXFileReference; lastKnownFileType = sourcecode.swift; path = SettingView.swift; sourceTree = "<group>"; };
		049D401A28BEEBB200606A0E /* NotificationView.swift */ = {isa = PBXFileReference; lastKnownFileType = sourcecode.swift; path = NotificationView.swift; sourceTree = "<group>"; };
		049D401E28BEF44600606A0E /* SideMenu.swift */ = {isa = PBXFileReference; lastKnownFileType = sourcecode.swift; path = SideMenu.swift; sourceTree = "<group>"; };
		04A47BF328B8C92B0017B26E /* HelloActivity.app */ = {isa = PBXFileReference; explicitFileType = wrapper.application; includeInIndex = 0; path = HelloActivity.app; sourceTree = BUILT_PRODUCTS_DIR; };
		04A47BF628B8C92B0017B26E /* HelloActivityApp.swift */ = {isa = PBXFileReference; lastKnownFileType = sourcecode.swift; path = HelloActivityApp.swift; sourceTree = "<group>"; };
		04A47BF828B8C92B0017B26E /* ContentView.swift */ = {isa = PBXFileReference; lastKnownFileType = sourcecode.swift; path = ContentView.swift; sourceTree = "<group>"; };
		04A47BFA28B8C92D0017B26E /* Assets.xcassets */ = {isa = PBXFileReference; lastKnownFileType = folder.assetcatalog; path = Assets.xcassets; sourceTree = "<group>"; };
		04A47BFD28B8C92D0017B26E /* Preview Assets.xcassets */ = {isa = PBXFileReference; lastKnownFileType = folder.assetcatalog; path = "Preview Assets.xcassets"; sourceTree = "<group>"; };
		04A47C0328B8C92D0017B26E /* HelloActivityTests.xctest */ = {isa = PBXFileReference; explicitFileType = wrapper.cfbundle; includeInIndex = 0; path = HelloActivityTests.xctest; sourceTree = BUILT_PRODUCTS_DIR; };
		04A47C0728B8C92D0017B26E /* HelloActivityTests.swift */ = {isa = PBXFileReference; lastKnownFileType = sourcecode.swift; path = HelloActivityTests.swift; sourceTree = "<group>"; };
		04A47C0D28B8C92D0017B26E /* HelloActivityUITests.xctest */ = {isa = PBXFileReference; explicitFileType = wrapper.cfbundle; includeInIndex = 0; path = HelloActivityUITests.xctest; sourceTree = BUILT_PRODUCTS_DIR; };
		04A47C1128B8C92D0017B26E /* HelloActivityUITests.swift */ = {isa = PBXFileReference; lastKnownFileType = sourcecode.swift; path = HelloActivityUITests.swift; sourceTree = "<group>"; };
		04A47C1328B8C92D0017B26E /* HelloActivityUITestsLaunchTests.swift */ = {isa = PBXFileReference; lastKnownFileType = sourcecode.swift; path = HelloActivityUITestsLaunchTests.swift; sourceTree = "<group>"; };
		04C36ED928C874C300CBC488 /* OnboardingView.swift */ = {isa = PBXFileReference; lastKnownFileType = sourcecode.swift; path = OnboardingView.swift; sourceTree = "<group>"; };
		04C6E66828C8425500317F2D /* ChatItem.swift */ = {isa = PBXFileReference; lastKnownFileType = sourcecode.swift; path = ChatItem.swift; sourceTree = "<group>"; };
		04F3904028D49014002D92BA /* LoginViewModel.swift */ = {isa = PBXFileReference; fileEncoding = 4; lastKnownFileType = sourcecode.swift; path = LoginViewModel.swift; sourceTree = "<group>"; };
		04F3904128D49014002D92BA /* BaseViewModel.swift */ = {isa = PBXFileReference; fileEncoding = 4; lastKnownFileType = sourcecode.swift; path = BaseViewModel.swift; sourceTree = "<group>"; };
		04F3904528D49034002D92BA /* APIClient.swift */ = {isa = PBXFileReference; fileEncoding = 4; lastKnownFileType = sourcecode.swift; path = APIClient.swift; sourceTree = "<group>"; };
		04F3904628D49034002D92BA /* APIManager.swift */ = {isa = PBXFileReference; fileEncoding = 4; lastKnownFileType = sourcecode.swift; path = APIManager.swift; sourceTree = "<group>"; };
		04F3904728D49034002D92BA /* Application.swift */ = {isa = PBXFileReference; fileEncoding = 4; lastKnownFileType = sourcecode.swift; path = Application.swift; sourceTree = "<group>"; };
		04F3905428D4906A002D92BA /* FBLoginButton.swift */ = {isa = PBXFileReference; fileEncoding = 4; lastKnownFileType = sourcecode.swift; path = FBLoginButton.swift; sourceTree = "<group>"; };
		04F3905528D4906A002D92BA /* LineLoginButton.swift */ = {isa = PBXFileReference; fileEncoding = 4; lastKnownFileType = sourcecode.swift; path = LineLoginButton.swift; sourceTree = "<group>"; };
		04F3905728D4906A002D92BA /* RegisterView.swift */ = {isa = PBXFileReference; fileEncoding = 4; lastKnownFileType = sourcecode.swift; path = RegisterView.swift; sourceTree = "<group>"; };
		04F3905F28D490A1002D92BA /* AuthenticationRegister.swift */ = {isa = PBXFileReference; fileEncoding = 4; lastKnownFileType = sourcecode.swift; path = AuthenticationRegister.swift; sourceTree = "<group>"; };
		04F3906128D490B6002D92BA /* UserLogin.swift */ = {isa = PBXFileReference; fileEncoding = 4; lastKnownFileType = sourcecode.swift; path = UserLogin.swift; sourceTree = "<group>"; };
		04F3906428D490D7002D92BA /* View+Extensions.swift */ = {isa = PBXFileReference; fileEncoding = 4; lastKnownFileType = sourcecode.swift; path = "View+Extensions.swift"; sourceTree = "<group>"; };
		04F3906828D49170002D92BA /* RegisterViewModel.swift */ = {isa = PBXFileReference; fileEncoding = 4; lastKnownFileType = sourcecode.swift; path = RegisterViewModel.swift; sourceTree = "<group>"; };
		99FAFCEC2F07985A08FADCE0 /* Pods_HelloActivity.framework */ = {isa = PBXFileReference; explicitFileType = wrapper.framework; includeInIndex = 0; path = Pods_HelloActivity.framework; sourceTree = BUILT_PRODUCTS_DIR; };
		B5CF6A6D28D8BC3A006143CD /* String+Extensions.swift */ = {isa = PBXFileReference; lastKnownFileType = sourcecode.swift; path = "String+Extensions.swift"; sourceTree = "<group>"; };
		B5E19EB528D68D1A008BCEB7 /* AuthenticationLogin.swift */ = {isa = PBXFileReference; lastKnownFileType = sourcecode.swift; path = AuthenticationLogin.swift; sourceTree = "<group>"; };
		F5726FB04EBD7328E78841CD /* Pods-HelloActivity.release.xcconfig */ = {isa = PBXFileReference; includeInIndex = 1; lastKnownFileType = text.xcconfig; name = "Pods-HelloActivity.release.xcconfig"; path = "Target Support Files/Pods-HelloActivity/Pods-HelloActivity.release.xcconfig"; sourceTree = "<group>"; };
		FCD60DE54D92D0F128430D42 /* Pods-HelloActivity.debug.xcconfig */ = {isa = PBXFileReference; includeInIndex = 1; lastKnownFileType = text.xcconfig; name = "Pods-HelloActivity.debug.xcconfig"; path = "Target Support Files/Pods-HelloActivity/Pods-HelloActivity.debug.xcconfig"; sourceTree = "<group>"; };
		FD99E75F28D8016500116D23 /* R.generated.swift */ = {isa = PBXFileReference; fileEncoding = 4; lastKnownFileType = sourcecode.swift; path = R.generated.swift; sourceTree = "<group>"; };
		FD99E76428D8102700116D23 /* en */ = {isa = PBXFileReference; lastKnownFileType = text.plist.strings; name = en; path = en.lproj/Localizable.strings; sourceTree = "<group>"; };
		FD99E76628D8102E00116D23 /* ja */ = {isa = PBXFileReference; lastKnownFileType = text.plist.strings; name = ja; path = ja.lproj/Localizable.strings; sourceTree = "<group>"; };
		FD99E76828D8261300116D23 /* ProgressApp.swift */ = {isa = PBXFileReference; lastKnownFileType = sourcecode.swift; path = ProgressApp.swift; sourceTree = "<group>"; };
		FD99E76C28D8722800116D23 /* UserDefault+Extensions.swift */ = {isa = PBXFileReference; lastKnownFileType = sourcecode.swift; path = "UserDefault+Extensions.swift"; sourceTree = "<group>"; };
/* End PBXFileReference section */

/* Begin PBXFrameworksBuildPhase section */
		04A47BF028B8C92B0017B26E /* Frameworks */ = {
			isa = PBXFrameworksBuildPhase;
			buildActionMask = 2147483647;
			files = (
				A7DD615638CBC2BB280E3A7D /* Pods_HelloActivity.framework in Frameworks */,
			);
			runOnlyForDeploymentPostprocessing = 0;
		};
		04A47C0028B8C92D0017B26E /* Frameworks */ = {
			isa = PBXFrameworksBuildPhase;
			buildActionMask = 2147483647;
			files = (
			);
			runOnlyForDeploymentPostprocessing = 0;
		};
		04A47C0A28B8C92D0017B26E /* Frameworks */ = {
			isa = PBXFrameworksBuildPhase;
			buildActionMask = 2147483647;
			files = (
			);
			runOnlyForDeploymentPostprocessing = 0;
		};
/* End PBXFrameworksBuildPhase section */

/* Begin PBXGroup section */
		041E0A8628D2DA240076A5F4 /* View */ = {
			isa = PBXGroup;
			children = (
				041E0A9728D45D3D0076A5F4 /* HomeView */,
				041E0A8728D2DA350076A5F4 /* UIGrid.swift */,
			);
			path = View;
			sourceTree = "<group>";
		};
		041E0A9728D45D3D0076A5F4 /* HomeView */ = {
			isa = PBXGroup;
			children = (
				041E0A8B28D311080076A5F4 /* BannerTab.swift */,
				041E0A8D28D411D10076A5F4 /* ListActivityPromotion.swift */,
				041E0A8928D30AA70076A5F4 /* ListActivityArea.swift */,
				041E0A9128D457540076A5F4 /* ListActivityTrending.swift */,
				041E0A9328D45B470076A5F4 /* ListActivityNew.swift */,
				041E0A9528D45BFB0076A5F4 /* ListActivityFavorite.swift */,
			);
			path = HomeView;
			sourceTree = "<group>";
		};
		049D401028BDABD100606A0E /* Common */ = {
			isa = PBXGroup;
			children = (
				FD99E76728D825FD00116D23 /* ProgressApp */,
				B5E19EB428D68CF5008BCEB7 /* Login */,
				04F3905E28D490A1002D92BA /* Register */,
				04A47BF628B8C92B0017B26E /* HelloActivityApp.swift */,
				04A47BF828B8C92B0017B26E /* ContentView.swift */,
				049D400828BDAA7800606A0E /* TabBarRouter.swift */,
				049D400A28BDAAA400606A0E /* TabItem.swift */,
				049D401E28BEF44600606A0E /* SideMenu.swift */,
				04C36ED928C874C300CBC488 /* OnboardingView.swift */,
				049287A928C8A12C006B2EA6 /* AppDelegate.swift */,
			);
			path = Common;
			sourceTree = "<group>";
		};
		049D401128BDAC3D00606A0E /* Controller */ = {
			isa = PBXGroup;
			children = (
				FD99E76E28D94E8500116D23 /* Profile */,
				04F3905328D4906A002D92BA /* Login */,
				04F3905628D4906A002D92BA /* Register */,
				049D400E28BDAB9800606A0E /* HomeView.swift */,
				049D401228BDAD1200606A0E /* JobView.swift */,
				049D401628BDAE9000606A0E /* ChatView.swift */,
				049D401428BDAD3D00606A0E /* ProfileView.swift */,
				049D401828BDE40C00606A0E /* SettingView.swift */,
				049D401A28BEEBB200606A0E /* NotificationView.swift */,
			);
			path = Controller;
			sourceTree = "<group>";
		};
		04A47BEA28B8C92B0017B26E = {
			isa = PBXGroup;
			children = (
				04A47BF528B8C92B0017B26E /* HelloActivity */,
				04A47C0628B8C92D0017B26E /* HelloActivityTests */,
				04A47C1028B8C92D0017B26E /* HelloActivityUITests */,
				04A47BF428B8C92B0017B26E /* Products */,
				944E42968F3B7319FF0C7BC6 /* Pods */,
				754084A4B2E13FC08DA25E2F /* Frameworks */,
			);
			sourceTree = "<group>";
		};
		04A47BF428B8C92B0017B26E /* Products */ = {
			isa = PBXGroup;
			children = (
				04A47BF328B8C92B0017B26E /* HelloActivity.app */,
				04A47C0328B8C92D0017B26E /* HelloActivityTests.xctest */,
				04A47C0D28B8C92D0017B26E /* HelloActivityUITests.xctest */,
			);
			name = Products;
			sourceTree = "<group>";
		};
		04A47BF528B8C92B0017B26E /* HelloActivity */ = {
			isa = PBXGroup;
			children = (
				FD99E75E28D8016500116D23 /* Resources */,
				04F3906328D490D7002D92BA /* Extensions */,
				04F3904428D49034002D92BA /* Utilities */,
				04F3903F28D49014002D92BA /* ViewModels */,
				041E0A8628D2DA240076A5F4 /* View */,
				049287AB28C8A1D1006B2EA6 /* Info.plist */,
				04C6E66728C8423800317F2D /* Model */,
				049D401128BDAC3D00606A0E /* Controller */,
				049D401028BDABD100606A0E /* Common */,
				04A47BFC28B8C92D0017B26E /* Preview Content */,
				049D400428BC526C00606A0E /* CollectionViewCell.swift */,
				049D400528BC526C00606A0E /* CollectionViewCell.xib */,
			);
			path = HelloActivity;
			sourceTree = "<group>";
		};
		04A47BFC28B8C92D0017B26E /* Preview Content */ = {
			isa = PBXGroup;
			children = (
				04A47BFD28B8C92D0017B26E /* Preview Assets.xcassets */,
			);
			path = "Preview Content";
			sourceTree = "<group>";
		};
		04A47C0628B8C92D0017B26E /* HelloActivityTests */ = {
			isa = PBXGroup;
			children = (
				04A47C0728B8C92D0017B26E /* HelloActivityTests.swift */,
			);
			path = HelloActivityTests;
			sourceTree = "<group>";
		};
		04A47C1028B8C92D0017B26E /* HelloActivityUITests */ = {
			isa = PBXGroup;
			children = (
				04A47C1128B8C92D0017B26E /* HelloActivityUITests.swift */,
				04A47C1328B8C92D0017B26E /* HelloActivityUITestsLaunchTests.swift */,
			);
			path = HelloActivityUITests;
			sourceTree = "<group>";
		};
		04C6E66728C8423800317F2D /* Model */ = {
			isa = PBXGroup;
			children = (
				04F3906128D490B6002D92BA /* UserLogin.swift */,
				04C6E66828C8425500317F2D /* ChatItem.swift */,
				0493B3DE28CF3E700086B816 /* CategoryItem.swift */,
				0444622228D17FE200F3B7F2 /* ActivityItem.swift */,
				0444622428D1810A00F3B7F2 /* ActivityPageItem.swift */,
				041E0A8F28D416F60076A5F4 /* AreaItem.swift */,
			);
			path = Model;
			sourceTree = "<group>";
		};
		04F3903F28D49014002D92BA /* ViewModels */ = {
			isa = PBXGroup;
			children = (
				04F3906828D49170002D92BA /* RegisterViewModel.swift */,
				04F3904028D49014002D92BA /* LoginViewModel.swift */,
				04F3904128D49014002D92BA /* BaseViewModel.swift */,
			);
			path = ViewModels;
			sourceTree = "<group>";
		};
		04F3904428D49034002D92BA /* Utilities */ = {
			isa = PBXGroup;
			children = (
				04F3904528D49034002D92BA /* APIClient.swift */,
				04F3904628D49034002D92BA /* APIManager.swift */,
				04F3904728D49034002D92BA /* Application.swift */,
			);
			path = Utilities;
			sourceTree = "<group>";
		};
		04F3905328D4906A002D92BA /* Login */ = {
			isa = PBXGroup;
			children = (
				04830C5C28CED86800EA50B1 /* LoginView.swift */,
				04F3905428D4906A002D92BA /* FBLoginButton.swift */,
				04F3905528D4906A002D92BA /* LineLoginButton.swift */,
			);
			path = Login;
			sourceTree = "<group>";
		};
		04F3905628D4906A002D92BA /* Register */ = {
			isa = PBXGroup;
			children = (
				04F3905728D4906A002D92BA /* RegisterView.swift */,
			);
			path = Register;
			sourceTree = "<group>";
		};
		04F3905E28D490A1002D92BA /* Register */ = {
			isa = PBXGroup;
			children = (
				04F3905F28D490A1002D92BA /* AuthenticationRegister.swift */,
			);
			path = Register;
			sourceTree = "<group>";
		};
		04F3906328D490D7002D92BA /* Extensions */ = {
			isa = PBXGroup;
			children = (
				04F3906428D490D7002D92BA /* View+Extensions.swift */,
				FD99E76C28D8722800116D23 /* UserDefault+Extensions.swift */,
				B5CF6A6D28D8BC3A006143CD /* String+Extensions.swift */,
			);
			path = Extensions;
			sourceTree = "<group>";
		};
		754084A4B2E13FC08DA25E2F /* Frameworks */ = {
			isa = PBXGroup;
			children = (
				99FAFCEC2F07985A08FADCE0 /* Pods_HelloActivity.framework */,
			);
			name = Frameworks;
			sourceTree = "<group>";
		};
		944E42968F3B7319FF0C7BC6 /* Pods */ = {
			isa = PBXGroup;
			children = (
				FCD60DE54D92D0F128430D42 /* Pods-HelloActivity.debug.xcconfig */,
				F5726FB04EBD7328E78841CD /* Pods-HelloActivity.release.xcconfig */,
			);
			path = Pods;
			sourceTree = "<group>";
		};
		B5E19EB428D68CF5008BCEB7 /* Login */ = {
			isa = PBXGroup;
			children = (
				B5E19EB528D68D1A008BCEB7 /* AuthenticationLogin.swift */,
			);
			path = Login;
			sourceTree = "<group>";
		};
		FD99E75E28D8016500116D23 /* Resources */ = {
			isa = PBXGroup;
			children = (
				04A47BFA28B8C92D0017B26E /* Assets.xcassets */,
				FD99E75F28D8016500116D23 /* R.generated.swift */,
				FD99E76528D8102700116D23 /* Localizable.strings */,
			);
			path = Resources;
			sourceTree = "<group>";
		};
		FD99E76728D825FD00116D23 /* ProgressApp */ = {
			isa = PBXGroup;
			children = (
				FD99E76828D8261300116D23 /* ProgressApp.swift */,
			);
			path = ProgressApp;
			sourceTree = "<group>";
		};
		FD99E76E28D94E8500116D23 /* Profile */ = {
			isa = PBXGroup;
			children = (
			);
			path = Profile;
			sourceTree = "<group>";
		};
/* End PBXGroup section */

/* Begin PBXNativeTarget section */
		04A47BF228B8C92B0017B26E /* HelloActivity */ = {
			isa = PBXNativeTarget;
			buildConfigurationList = 04A47C1728B8C92D0017B26E /* Build configuration list for PBXNativeTarget "HelloActivity" */;
			buildPhases = (
				FD99E75D28D7FEF000116D23 /* ShellScript */,
				F208057FC80C737B1B308C6E /* [CP] Check Pods Manifest.lock */,
				04A47BEF28B8C92B0017B26E /* Sources */,
				04A47BF028B8C92B0017B26E /* Frameworks */,
				04A47BF128B8C92B0017B26E /* Resources */,
				15FC3CC4138FAD56DE7AD6B3 /* [CP] Embed Pods Frameworks */,
			);
			buildRules = (
			);
			dependencies = (
			);
			name = HelloActivity;
			productName = HelloActivity;
			productReference = 04A47BF328B8C92B0017B26E /* HelloActivity.app */;
			productType = "com.apple.product-type.application";
		};
		04A47C0228B8C92D0017B26E /* HelloActivityTests */ = {
			isa = PBXNativeTarget;
			buildConfigurationList = 04A47C1A28B8C92D0017B26E /* Build configuration list for PBXNativeTarget "HelloActivityTests" */;
			buildPhases = (
				04A47BFF28B8C92D0017B26E /* Sources */,
				04A47C0028B8C92D0017B26E /* Frameworks */,
				04A47C0128B8C92D0017B26E /* Resources */,
			);
			buildRules = (
			);
			dependencies = (
				04A47C0528B8C92D0017B26E /* PBXTargetDependency */,
			);
			name = HelloActivityTests;
			productName = HelloActivityTests;
			productReference = 04A47C0328B8C92D0017B26E /* HelloActivityTests.xctest */;
			productType = "com.apple.product-type.bundle.unit-test";
		};
		04A47C0C28B8C92D0017B26E /* HelloActivityUITests */ = {
			isa = PBXNativeTarget;
			buildConfigurationList = 04A47C1D28B8C92D0017B26E /* Build configuration list for PBXNativeTarget "HelloActivityUITests" */;
			buildPhases = (
				04A47C0928B8C92D0017B26E /* Sources */,
				04A47C0A28B8C92D0017B26E /* Frameworks */,
				04A47C0B28B8C92D0017B26E /* Resources */,
			);
			buildRules = (
			);
			dependencies = (
				04A47C0F28B8C92D0017B26E /* PBXTargetDependency */,
			);
			name = HelloActivityUITests;
			productName = HelloActivityUITests;
			productReference = 04A47C0D28B8C92D0017B26E /* HelloActivityUITests.xctest */;
			productType = "com.apple.product-type.bundle.ui-testing";
		};
/* End PBXNativeTarget section */

/* Begin PBXProject section */
		04A47BEB28B8C92B0017B26E /* Project object */ = {
			isa = PBXProject;
			attributes = {
				BuildIndependentTargetsInParallel = 1;
				LastSwiftUpdateCheck = 1340;
				LastUpgradeCheck = 1340;
				TargetAttributes = {
					04A47BF228B8C92B0017B26E = {
						CreatedOnToolsVersion = 13.4.1;
					};
					04A47C0228B8C92D0017B26E = {
						CreatedOnToolsVersion = 13.4.1;
						TestTargetID = 04A47BF228B8C92B0017B26E;
					};
					04A47C0C28B8C92D0017B26E = {
						CreatedOnToolsVersion = 13.4.1;
						TestTargetID = 04A47BF228B8C92B0017B26E;
					};
				};
			};
			buildConfigurationList = 04A47BEE28B8C92B0017B26E /* Build configuration list for PBXProject "HelloActivity" */;
			compatibilityVersion = "Xcode 13.0";
			developmentRegion = en;
			hasScannedForEncodings = 0;
			knownRegions = (
				en,
				Base,
				ja,
				"ja-JP",
			);
			mainGroup = 04A47BEA28B8C92B0017B26E;
			productRefGroup = 04A47BF428B8C92B0017B26E /* Products */;
			projectDirPath = "";
			projectRoot = "";
			targets = (
				04A47BF228B8C92B0017B26E /* HelloActivity */,
				04A47C0228B8C92D0017B26E /* HelloActivityTests */,
				04A47C0C28B8C92D0017B26E /* HelloActivityUITests */,
			);
		};
/* End PBXProject section */

/* Begin PBXResourcesBuildPhase section */
		04A47BF128B8C92B0017B26E /* Resources */ = {
			isa = PBXResourcesBuildPhase;
			buildActionMask = 2147483647;
			files = (
				04A47BFE28B8C92D0017B26E /* Preview Assets.xcassets in Resources */,
				FD99E76328D8102700116D23 /* Localizable.strings in Resources */,
				04A47BFB28B8C92D0017B26E /* Assets.xcassets in Resources */,
				049D400728BC526C00606A0E /* CollectionViewCell.xib in Resources */,
			);
			runOnlyForDeploymentPostprocessing = 0;
		};
		04A47C0128B8C92D0017B26E /* Resources */ = {
			isa = PBXResourcesBuildPhase;
			buildActionMask = 2147483647;
			files = (
			);
			runOnlyForDeploymentPostprocessing = 0;
		};
		04A47C0B28B8C92D0017B26E /* Resources */ = {
			isa = PBXResourcesBuildPhase;
			buildActionMask = 2147483647;
			files = (
			);
			runOnlyForDeploymentPostprocessing = 0;
		};
/* End PBXResourcesBuildPhase section */

/* Begin PBXShellScriptBuildPhase section */
		15FC3CC4138FAD56DE7AD6B3 /* [CP] Embed Pods Frameworks */ = {
			isa = PBXShellScriptBuildPhase;
			buildActionMask = 2147483647;
			files = (
			);
			inputFileListPaths = (
				"${PODS_ROOT}/Target Support Files/Pods-HelloActivity/Pods-HelloActivity-frameworks-${CONFIGURATION}-input-files.xcfilelist",
			);
			name = "[CP] Embed Pods Frameworks";
			outputFileListPaths = (
				"${PODS_ROOT}/Target Support Files/Pods-HelloActivity/Pods-HelloActivity-frameworks-${CONFIGURATION}-output-files.xcfilelist",
			);
			runOnlyForDeploymentPostprocessing = 0;
			shellPath = /bin/sh;
			shellScript = "\"${PODS_ROOT}/Target Support Files/Pods-HelloActivity/Pods-HelloActivity-frameworks.sh\"\n";
			showEnvVarsInLog = 0;
		};
		F208057FC80C737B1B308C6E /* [CP] Check Pods Manifest.lock */ = {
			isa = PBXShellScriptBuildPhase;
			buildActionMask = 2147483647;
			files = (
			);
			inputFileListPaths = (
			);
			inputPaths = (
				"${PODS_PODFILE_DIR_PATH}/Podfile.lock",
				"${PODS_ROOT}/Manifest.lock",
			);
			name = "[CP] Check Pods Manifest.lock";
			outputFileListPaths = (
			);
			outputPaths = (
				"$(DERIVED_FILE_DIR)/Pods-HelloActivity-checkManifestLockResult.txt",
			);
			runOnlyForDeploymentPostprocessing = 0;
			shellPath = /bin/sh;
			shellScript = "diff \"${PODS_PODFILE_DIR_PATH}/Podfile.lock\" \"${PODS_ROOT}/Manifest.lock\" > /dev/null\nif [ $? != 0 ] ; then\n    # print error to STDERR\n    echo \"error: The sandbox is not in sync with the Podfile.lock. Run 'pod install' or update your CocoaPods installation.\" >&2\n    exit 1\nfi\n# This output is used by Xcode 'outputs' to avoid re-running this script phase.\necho \"SUCCESS\" > \"${SCRIPT_OUTPUT_FILE_0}\"\n";
			showEnvVarsInLog = 0;
		};
		FD99E75D28D7FEF000116D23 /* ShellScript */ = {
			isa = PBXShellScriptBuildPhase;
			alwaysOutOfDate = 1;
			buildActionMask = 2147483647;
			files = (
			);
			inputFileListPaths = (
				"",
			);
			inputPaths = (
			);
			outputFileListPaths = (
			);
			outputPaths = (
				$SRCROOT/HelloActivity/Resources/R.generated.swift,
			);
			runOnlyForDeploymentPostprocessing = 0;
			shellPath = /bin/sh;
			shellScript = "\"$PODS_ROOT/R.swift/rswift\" generate \"$SRCROOT/HelloActivity/Resources/R.generated.swift\"\n";
		};
/* End PBXShellScriptBuildPhase section */

/* Begin PBXSourcesBuildPhase section */
		04A47BEF28B8C92B0017B26E /* Sources */ = {
			isa = PBXSourcesBuildPhase;
			buildActionMask = 2147483647;
			files = (
				FD99E76028D8016500116D23 /* R.generated.swift in Sources */,
				04F3904A28D49034002D92BA /* Application.swift in Sources */,
				04F3905828D4906A002D92BA /* FBLoginButton.swift in Sources */,
				FD99E76928D8261300116D23 /* ProgressApp.swift in Sources */,
				049D401728BDAE9000606A0E /* ChatView.swift in Sources */,
				041E0A9028D416F60076A5F4 /* AreaItem.swift in Sources */,
				04A47BF928B8C92B0017B26E /* ContentView.swift in Sources */,
				041E0A8E28D411D10076A5F4 /* ListActivityPromotion.swift in Sources */,
				04C6E66928C8425500317F2D /* ChatItem.swift in Sources */,
				049287AA28C8A12C006B2EA6 /* AppDelegate.swift in Sources */,
				041E0A9428D45B470076A5F4 /* ListActivityNew.swift in Sources */,
				049D401528BDAD3D00606A0E /* ProfileView.swift in Sources */,
				0444622528D1810A00F3B7F2 /* ActivityPageItem.swift in Sources */,
				B5CF6A6E28D8BC3A006143CD /* String+Extensions.swift in Sources */,
				0444622528D1810A00F3B7F2 /* ActivityPageItem.swift in Sources */,
				049D401F28BEF44600606A0E /* SideMenu.swift in Sources */,
				049D401328BDAD1200606A0E /* JobView.swift in Sources */,
				B5E19EB628D68D1A008BCEB7 /* AuthenticationLogin.swift in Sources */,
				049D400F28BDAB9800606A0E /* HomeView.swift in Sources */,
				041E0A9228D457540076A5F4 /* ListActivityTrending.swift in Sources */,
				0444622328D17FE200F3B7F2 /* ActivityItem.swift in Sources */,
				04A47BF728B8C92B0017B26E /* HelloActivityApp.swift in Sources */,
				04F3906228D490B6002D92BA /* UserLogin.swift in Sources */,
				041E0A8A28D30AA70076A5F4 /* ListActivityArea.swift in Sources */,
				041E0A8828D2DA350076A5F4 /* UIGrid.swift in Sources */,
				041E0A8C28D311080076A5F4 /* BannerTab.swift in Sources */,
				049D400928BDAA7800606A0E /* TabBarRouter.swift in Sources */,
				049D400B28BDAAA400606A0E /* TabItem.swift in Sources */,
				04F3904228D49014002D92BA /* LoginViewModel.swift in Sources */,
				041E0A9628D45BFB0076A5F4 /* ListActivityFavorite.swift in Sources */,
				049D400628BC526C00606A0E /* CollectionViewCell.swift in Sources */,
				04F3904828D49034002D92BA /* APIClient.swift in Sources */,
				04F3904328D49014002D92BA /* BaseViewModel.swift in Sources */,
				049D401928BDE40C00606A0E /* SettingView.swift in Sources */,
				FD99E76D28D8722800116D23 /* UserDefault+Extensions.swift in Sources */,
				04F3906028D490A1002D92BA /* AuthenticationRegister.swift in Sources */,
				04F3906528D490D7002D92BA /* View+Extensions.swift in Sources */,
				0493B3DF28CF3E700086B816 /* CategoryItem.swift in Sources */,
				04F3905928D4906A002D92BA /* LineLoginButton.swift in Sources */,
				049D401B28BEEBB200606A0E /* NotificationView.swift in Sources */,
				04F3906928D49170002D92BA /* RegisterViewModel.swift in Sources */,
				04F3905A28D4906A002D92BA /* RegisterView.swift in Sources */,
				04830C5D28CED86800EA50B1 /* LoginView.swift in Sources */,
				04F3904928D49034002D92BA /* APIManager.swift in Sources */,
				04C36EDA28C874C300CBC488 /* OnboardingView.swift in Sources */,
			);
			runOnlyForDeploymentPostprocessing = 0;
		};
		04A47BFF28B8C92D0017B26E /* Sources */ = {
			isa = PBXSourcesBuildPhase;
			buildActionMask = 2147483647;
			files = (
				04A47C0828B8C92D0017B26E /* HelloActivityTests.swift in Sources */,
			);
			runOnlyForDeploymentPostprocessing = 0;
		};
		04A47C0928B8C92D0017B26E /* Sources */ = {
			isa = PBXSourcesBuildPhase;
			buildActionMask = 2147483647;
			files = (
				04A47C1428B8C92D0017B26E /* HelloActivityUITestsLaunchTests.swift in Sources */,
				04A47C1228B8C92D0017B26E /* HelloActivityUITests.swift in Sources */,
			);
			runOnlyForDeploymentPostprocessing = 0;
		};
/* End PBXSourcesBuildPhase section */

/* Begin PBXTargetDependency section */
		04A47C0528B8C92D0017B26E /* PBXTargetDependency */ = {
			isa = PBXTargetDependency;
			target = 04A47BF228B8C92B0017B26E /* HelloActivity */;
			targetProxy = 04A47C0428B8C92D0017B26E /* PBXContainerItemProxy */;
		};
		04A47C0F28B8C92D0017B26E /* PBXTargetDependency */ = {
			isa = PBXTargetDependency;
			target = 04A47BF228B8C92B0017B26E /* HelloActivity */;
			targetProxy = 04A47C0E28B8C92D0017B26E /* PBXContainerItemProxy */;
		};
/* End PBXTargetDependency section */

/* Begin PBXVariantGroup section */
		FD99E76528D8102700116D23 /* Localizable.strings */ = {
			isa = PBXVariantGroup;
			children = (
				FD99E76428D8102700116D23 /* en */,
				FD99E76628D8102E00116D23 /* ja */,
			);
			name = Localizable.strings;
			sourceTree = "<group>";
		};
/* End PBXVariantGroup section */

/* Begin XCBuildConfiguration section */
		04A47C1528B8C92D0017B26E /* Debug */ = {
			isa = XCBuildConfiguration;
			buildSettings = {
				ALWAYS_SEARCH_USER_PATHS = NO;
				CLANG_ANALYZER_NONNULL = YES;
				CLANG_ANALYZER_NUMBER_OBJECT_CONVERSION = YES_AGGRESSIVE;
				CLANG_CXX_LANGUAGE_STANDARD = "gnu++17";
				CLANG_ENABLE_MODULES = YES;
				CLANG_ENABLE_OBJC_ARC = YES;
				CLANG_ENABLE_OBJC_WEAK = YES;
				CLANG_WARN_BLOCK_CAPTURE_AUTORELEASING = YES;
				CLANG_WARN_BOOL_CONVERSION = YES;
				CLANG_WARN_COMMA = YES;
				CLANG_WARN_CONSTANT_CONVERSION = YES;
				CLANG_WARN_DEPRECATED_OBJC_IMPLEMENTATIONS = YES;
				CLANG_WARN_DIRECT_OBJC_ISA_USAGE = YES_ERROR;
				CLANG_WARN_DOCUMENTATION_COMMENTS = YES;
				CLANG_WARN_EMPTY_BODY = YES;
				CLANG_WARN_ENUM_CONVERSION = YES;
				CLANG_WARN_INFINITE_RECURSION = YES;
				CLANG_WARN_INT_CONVERSION = YES;
				CLANG_WARN_NON_LITERAL_NULL_CONVERSION = YES;
				CLANG_WARN_OBJC_IMPLICIT_RETAIN_SELF = YES;
				CLANG_WARN_OBJC_LITERAL_CONVERSION = YES;
				CLANG_WARN_OBJC_ROOT_CLASS = YES_ERROR;
				CLANG_WARN_QUOTED_INCLUDE_IN_FRAMEWORK_HEADER = YES;
				CLANG_WARN_RANGE_LOOP_ANALYSIS = YES;
				CLANG_WARN_STRICT_PROTOTYPES = YES;
				CLANG_WARN_SUSPICIOUS_MOVE = YES;
				CLANG_WARN_UNGUARDED_AVAILABILITY = YES_AGGRESSIVE;
				CLANG_WARN_UNREACHABLE_CODE = YES;
				CLANG_WARN__DUPLICATE_METHOD_MATCH = YES;
				COPY_PHASE_STRIP = NO;
				DEBUG_INFORMATION_FORMAT = dwarf;
				ENABLE_STRICT_OBJC_MSGSEND = YES;
				ENABLE_TESTABILITY = YES;
				GCC_C_LANGUAGE_STANDARD = gnu11;
				GCC_DYNAMIC_NO_PIC = NO;
				GCC_NO_COMMON_BLOCKS = YES;
				GCC_OPTIMIZATION_LEVEL = 0;
				GCC_PREPROCESSOR_DEFINITIONS = (
					"DEBUG=1",
					"$(inherited)",
				);
				GCC_WARN_64_TO_32_BIT_CONVERSION = YES;
				GCC_WARN_ABOUT_RETURN_TYPE = YES_ERROR;
				GCC_WARN_UNDECLARED_SELECTOR = YES;
				GCC_WARN_UNINITIALIZED_AUTOS = YES_AGGRESSIVE;
				GCC_WARN_UNUSED_FUNCTION = YES;
				GCC_WARN_UNUSED_VARIABLE = YES;
				IPHONEOS_DEPLOYMENT_TARGET = 14.0;
				MTL_ENABLE_DEBUG_INFO = INCLUDE_SOURCE;
				MTL_FAST_MATH = YES;
				ONLY_ACTIVE_ARCH = YES;
				SDKROOT = iphoneos;
				SWIFT_ACTIVE_COMPILATION_CONDITIONS = DEBUG;
				SWIFT_OPTIMIZATION_LEVEL = "-Onone";
			};
			name = Debug;
		};
		04A47C1628B8C92D0017B26E /* Release */ = {
			isa = XCBuildConfiguration;
			buildSettings = {
				ALWAYS_SEARCH_USER_PATHS = NO;
				CLANG_ANALYZER_NONNULL = YES;
				CLANG_ANALYZER_NUMBER_OBJECT_CONVERSION = YES_AGGRESSIVE;
				CLANG_CXX_LANGUAGE_STANDARD = "gnu++17";
				CLANG_ENABLE_MODULES = YES;
				CLANG_ENABLE_OBJC_ARC = YES;
				CLANG_ENABLE_OBJC_WEAK = YES;
				CLANG_WARN_BLOCK_CAPTURE_AUTORELEASING = YES;
				CLANG_WARN_BOOL_CONVERSION = YES;
				CLANG_WARN_COMMA = YES;
				CLANG_WARN_CONSTANT_CONVERSION = YES;
				CLANG_WARN_DEPRECATED_OBJC_IMPLEMENTATIONS = YES;
				CLANG_WARN_DIRECT_OBJC_ISA_USAGE = YES_ERROR;
				CLANG_WARN_DOCUMENTATION_COMMENTS = YES;
				CLANG_WARN_EMPTY_BODY = YES;
				CLANG_WARN_ENUM_CONVERSION = YES;
				CLANG_WARN_INFINITE_RECURSION = YES;
				CLANG_WARN_INT_CONVERSION = YES;
				CLANG_WARN_NON_LITERAL_NULL_CONVERSION = YES;
				CLANG_WARN_OBJC_IMPLICIT_RETAIN_SELF = YES;
				CLANG_WARN_OBJC_LITERAL_CONVERSION = YES;
				CLANG_WARN_OBJC_ROOT_CLASS = YES_ERROR;
				CLANG_WARN_QUOTED_INCLUDE_IN_FRAMEWORK_HEADER = YES;
				CLANG_WARN_RANGE_LOOP_ANALYSIS = YES;
				CLANG_WARN_STRICT_PROTOTYPES = YES;
				CLANG_WARN_SUSPICIOUS_MOVE = YES;
				CLANG_WARN_UNGUARDED_AVAILABILITY = YES_AGGRESSIVE;
				CLANG_WARN_UNREACHABLE_CODE = YES;
				CLANG_WARN__DUPLICATE_METHOD_MATCH = YES;
				COPY_PHASE_STRIP = NO;
				DEBUG_INFORMATION_FORMAT = "dwarf-with-dsym";
				ENABLE_NS_ASSERTIONS = NO;
				ENABLE_STRICT_OBJC_MSGSEND = YES;
				GCC_C_LANGUAGE_STANDARD = gnu11;
				GCC_NO_COMMON_BLOCKS = YES;
				GCC_WARN_64_TO_32_BIT_CONVERSION = YES;
				GCC_WARN_ABOUT_RETURN_TYPE = YES_ERROR;
				GCC_WARN_UNDECLARED_SELECTOR = YES;
				GCC_WARN_UNINITIALIZED_AUTOS = YES_AGGRESSIVE;
				GCC_WARN_UNUSED_FUNCTION = YES;
				GCC_WARN_UNUSED_VARIABLE = YES;
				IPHONEOS_DEPLOYMENT_TARGET = 14.0;
				MTL_ENABLE_DEBUG_INFO = NO;
				MTL_FAST_MATH = YES;
				SDKROOT = iphoneos;
				SWIFT_COMPILATION_MODE = wholemodule;
				SWIFT_OPTIMIZATION_LEVEL = "-O";
				VALIDATE_PRODUCT = YES;
			};
			name = Release;
		};
		04A47C1828B8C92D0017B26E /* Debug */ = {
			isa = XCBuildConfiguration;
			baseConfigurationReference = FCD60DE54D92D0F128430D42 /* Pods-HelloActivity.debug.xcconfig */;
			buildSettings = {
				ASSETCATALOG_COMPILER_APPICON_NAME = AppIcon;
				ASSETCATALOG_COMPILER_GLOBAL_ACCENT_COLOR_NAME = AccentColor;
				CODE_SIGN_STYLE = Automatic;
				CURRENT_PROJECT_VERSION = 1;
				DEVELOPMENT_ASSET_PATHS = "\"HelloActivity/Preview Content\"";
				ENABLE_PREVIEWS = YES;
				GENERATE_INFOPLIST_FILE = YES;
				INFOPLIST_FILE = HelloActivity/Info.plist;
				INFOPLIST_KEY_UIApplicationSceneManifest_Generation = YES;
				INFOPLIST_KEY_UIApplicationSupportsIndirectInputEvents = YES;
				INFOPLIST_KEY_UILaunchScreen_Generation = YES;
				INFOPLIST_KEY_UIStatusBarHidden = NO;
				INFOPLIST_KEY_UISupportedInterfaceOrientations_iPad = "UIInterfaceOrientationPortrait UIInterfaceOrientationPortraitUpsideDown UIInterfaceOrientationLandscapeLeft UIInterfaceOrientationLandscapeRight";
				INFOPLIST_KEY_UISupportedInterfaceOrientations_iPhone = "UIInterfaceOrientationPortrait UIInterfaceOrientationLandscapeLeft UIInterfaceOrientationLandscapeRight";
				LD_RUNPATH_SEARCH_PATHS = (
					"$(inherited)",
					"@executable_path/Frameworks",
				);
				MARKETING_VERSION = 1.0;
				PRODUCT_BUNDLE_IDENTIFIER = map.map.HelloActivity;
				PRODUCT_NAME = "$(TARGET_NAME)";
				SWIFT_EMIT_LOC_STRINGS = YES;
				SWIFT_VERSION = 5.0;
				TARGETED_DEVICE_FAMILY = "1,2";
			};
			name = Debug;
		};
		04A47C1928B8C92D0017B26E /* Release */ = {
			isa = XCBuildConfiguration;
			baseConfigurationReference = F5726FB04EBD7328E78841CD /* Pods-HelloActivity.release.xcconfig */;
			buildSettings = {
				ASSETCATALOG_COMPILER_APPICON_NAME = AppIcon;
				ASSETCATALOG_COMPILER_GLOBAL_ACCENT_COLOR_NAME = AccentColor;
				CODE_SIGN_STYLE = Automatic;
				CURRENT_PROJECT_VERSION = 1;
				DEVELOPMENT_ASSET_PATHS = "\"HelloActivity/Preview Content\"";
				ENABLE_PREVIEWS = YES;
				GENERATE_INFOPLIST_FILE = YES;
				INFOPLIST_FILE = HelloActivity/Info.plist;
				INFOPLIST_KEY_UIApplicationSceneManifest_Generation = YES;
				INFOPLIST_KEY_UIApplicationSupportsIndirectInputEvents = YES;
				INFOPLIST_KEY_UILaunchScreen_Generation = YES;
				INFOPLIST_KEY_UIStatusBarHidden = NO;
				INFOPLIST_KEY_UISupportedInterfaceOrientations_iPad = "UIInterfaceOrientationPortrait UIInterfaceOrientationPortraitUpsideDown UIInterfaceOrientationLandscapeLeft UIInterfaceOrientationLandscapeRight";
				INFOPLIST_KEY_UISupportedInterfaceOrientations_iPhone = "UIInterfaceOrientationPortrait UIInterfaceOrientationLandscapeLeft UIInterfaceOrientationLandscapeRight";
				LD_RUNPATH_SEARCH_PATHS = (
					"$(inherited)",
					"@executable_path/Frameworks",
				);
				MARKETING_VERSION = 1.0;
				PRODUCT_BUNDLE_IDENTIFIER = map.map.HelloActivity;
				PRODUCT_NAME = "$(TARGET_NAME)";
				SWIFT_EMIT_LOC_STRINGS = YES;
				SWIFT_VERSION = 5.0;
				TARGETED_DEVICE_FAMILY = "1,2";
			};
			name = Release;
		};
		04A47C1B28B8C92D0017B26E /* Debug */ = {
			isa = XCBuildConfiguration;
			buildSettings = {
				ALWAYS_EMBED_SWIFT_STANDARD_LIBRARIES = YES;
				BUNDLE_LOADER = "$(TEST_HOST)";
				CODE_SIGN_STYLE = Automatic;
				CURRENT_PROJECT_VERSION = 1;
				GENERATE_INFOPLIST_FILE = YES;
				IPHONEOS_DEPLOYMENT_TARGET = 15.5;
				MARKETING_VERSION = 1.0;
				PRODUCT_BUNDLE_IDENTIFIER = map.map.HelloActivityTests;
				PRODUCT_NAME = "$(TARGET_NAME)";
				SWIFT_EMIT_LOC_STRINGS = NO;
				SWIFT_VERSION = 5.0;
				TARGETED_DEVICE_FAMILY = "1,2";
				TEST_HOST = "$(BUILT_PRODUCTS_DIR)/HelloActivity.app/HelloActivity";
			};
			name = Debug;
		};
		04A47C1C28B8C92D0017B26E /* Release */ = {
			isa = XCBuildConfiguration;
			buildSettings = {
				ALWAYS_EMBED_SWIFT_STANDARD_LIBRARIES = YES;
				BUNDLE_LOADER = "$(TEST_HOST)";
				CODE_SIGN_STYLE = Automatic;
				CURRENT_PROJECT_VERSION = 1;
				GENERATE_INFOPLIST_FILE = YES;
				IPHONEOS_DEPLOYMENT_TARGET = 15.5;
				MARKETING_VERSION = 1.0;
				PRODUCT_BUNDLE_IDENTIFIER = map.map.HelloActivityTests;
				PRODUCT_NAME = "$(TARGET_NAME)";
				SWIFT_EMIT_LOC_STRINGS = NO;
				SWIFT_VERSION = 5.0;
				TARGETED_DEVICE_FAMILY = "1,2";
				TEST_HOST = "$(BUILT_PRODUCTS_DIR)/HelloActivity.app/HelloActivity";
			};
			name = Release;
		};
		04A47C1E28B8C92D0017B26E /* Debug */ = {
			isa = XCBuildConfiguration;
			buildSettings = {
				ALWAYS_EMBED_SWIFT_STANDARD_LIBRARIES = YES;
				CODE_SIGN_STYLE = Automatic;
				CURRENT_PROJECT_VERSION = 1;
				GENERATE_INFOPLIST_FILE = YES;
				MARKETING_VERSION = 1.0;
				PRODUCT_BUNDLE_IDENTIFIER = map.map.HelloActivityUITests;
				PRODUCT_NAME = "$(TARGET_NAME)";
				SWIFT_EMIT_LOC_STRINGS = NO;
				SWIFT_VERSION = 5.0;
				TARGETED_DEVICE_FAMILY = "1,2";
				TEST_TARGET_NAME = HelloActivity;
			};
			name = Debug;
		};
		04A47C1F28B8C92D0017B26E /* Release */ = {
			isa = XCBuildConfiguration;
			buildSettings = {
				ALWAYS_EMBED_SWIFT_STANDARD_LIBRARIES = YES;
				CODE_SIGN_STYLE = Automatic;
				CURRENT_PROJECT_VERSION = 1;
				GENERATE_INFOPLIST_FILE = YES;
				MARKETING_VERSION = 1.0;
				PRODUCT_BUNDLE_IDENTIFIER = map.map.HelloActivityUITests;
				PRODUCT_NAME = "$(TARGET_NAME)";
				SWIFT_EMIT_LOC_STRINGS = NO;
				SWIFT_VERSION = 5.0;
				TARGETED_DEVICE_FAMILY = "1,2";
				TEST_TARGET_NAME = HelloActivity;
			};
			name = Release;
		};
/* End XCBuildConfiguration section */

/* Begin XCConfigurationList section */
		04A47BEE28B8C92B0017B26E /* Build configuration list for PBXProject "HelloActivity" */ = {
			isa = XCConfigurationList;
			buildConfigurations = (
				04A47C1528B8C92D0017B26E /* Debug */,
				04A47C1628B8C92D0017B26E /* Release */,
			);
			defaultConfigurationIsVisible = 0;
			defaultConfigurationName = Release;
		};
		04A47C1728B8C92D0017B26E /* Build configuration list for PBXNativeTarget "HelloActivity" */ = {
			isa = XCConfigurationList;
			buildConfigurations = (
				04A47C1828B8C92D0017B26E /* Debug */,
				04A47C1928B8C92D0017B26E /* Release */,
			);
			defaultConfigurationIsVisible = 0;
			defaultConfigurationName = Release;
		};
		04A47C1A28B8C92D0017B26E /* Build configuration list for PBXNativeTarget "HelloActivityTests" */ = {
			isa = XCConfigurationList;
			buildConfigurations = (
				04A47C1B28B8C92D0017B26E /* Debug */,
				04A47C1C28B8C92D0017B26E /* Release */,
			);
			defaultConfigurationIsVisible = 0;
			defaultConfigurationName = Release;
		};
		04A47C1D28B8C92D0017B26E /* Build configuration list for PBXNativeTarget "HelloActivityUITests" */ = {
			isa = XCConfigurationList;
			buildConfigurations = (
				04A47C1E28B8C92D0017B26E /* Debug */,
				04A47C1F28B8C92D0017B26E /* Release */,
			);
			defaultConfigurationIsVisible = 0;
			defaultConfigurationName = Release;
		};
/* End XCConfigurationList section */
	};
	rootObject = 04A47BEB28B8C92B0017B26E /* Project object */;
}
