PODS:
  - Alamofire (5.6.2)
  - AppAuth (1.6.0):
    - AppAuth/Core (= 1.6.0)
    - AppAuth/ExternalUserAgent (= 1.6.0)
  - AppAuth/Core (1.6.0)
  - AppAuth/ExternalUserAgent (1.6.0):
    - AppAuth/Core
  - FBAEMKit (14.1.0):
    - FBSDKCoreKit_Basics (= 14.1.0)
  - FBSDKCoreKit (14.1.0):
    - FBAEMKit (= 14.1.0)
    - FBSDKCoreKit_Basics (= 14.1.0)
  - FBSDKCoreKit_Basics (14.1.0)
  - FBSDKLoginKit (14.1.0):
    - FBSDKCoreKit (= 14.1.0)
  - GoogleSignIn (6.2.4):
    - AppAuth (~> 1.5)
    - GTMAppAuth (~> 1.3)
    - GTMSessionFetcher/Core (< 3.0, >= 1.1)
  - GoogleSignInSwiftSupport (6.2.4):
    - GoogleSignIn (~> 6.2)
  - GTMAppAuth (1.3.1):
    - AppAuth/Core (~> 1.6)
    - GTMSessionFetcher/Core (< 3.0, >= 1.5)
  - GTMSessionFetcher/Core (2.1.0)
  - LineSDKSwift (5.8.2):
    - LineSDKSwift/Core (= 5.8.2)
  - LineSDKSwift/Core (5.8.2)
  - R.swift (6.1.0):
    - R.swift.Library (~> 5.3.0)
  - R.swift.Library (5.3.0)
  - SDWebImage (5.13.2):
    - SDWebImage/Core (= 5.13.2)
  - SDWebImage/Core (5.13.2)
  - SDWebImageSwiftUI (2.0.2):
    - SDWebImage (~> 5.10)

DEPENDENCIES:
  - Alamofire
  - FBSDKCoreKit
  - FBSDKLoginKit
  - GoogleSignIn
  - GoogleSignInSwiftSupport
  - LineSDKSwift (~> 5.0)
  - R.swift
  - SDWebImageSwiftUI

SPEC REPOS:
  trunk:
    - Alamofire
    - AppAuth
    - FBAEMKit
    - FBSDKCoreKit
    - FBSDKCoreKit_Basics
    - FBSDKLoginKit
    - GoogleSignIn
    - GoogleSignInSwiftSupport
    - GTMAppAuth
    - GTMSessionFetcher
    - LineSDKSwift
    - R.swift
    - R.swift.Library
    - SDWebImage
    - SDWebImageSwiftUI

SPEC CHECKSUMS:
  Alamofire: d368e1ff8a298e6dde360e35a3e68e6c610e7204
  AppAuth: 8fca6b5563a5baef2c04bee27538025e4ceb2add
  FBAEMKit: a899515e45476027f73aef377b5cffadcd56ca3a
  FBSDKCoreKit: 24f8bc8d3b5b2a8c5c656a1329492a12e8efa792
  FBSDKCoreKit_Basics: 6e578c9bdc7aa1365dbbbde633c9ebb536bcaa98
  FBSDKLoginKit: 787de205d524c3a4b17d527916f1d066e4361660
  GoogleSignIn: 5651ce3a61e56ca864160e79b484cd9ed3f49b7a
  GoogleSignInSwiftSupport: 565fa830a18d4d26d78c7a7c77be096fea7cf22b
  GTMAppAuth: 0ff230db599948a9ad7470ca667337803b3fc4dd
  GTMSessionFetcher: ffbb25ec00ebcb5201adab0a56d808f6f1902d9f
  LineSDKSwift: 52bce568988f61f4a529b0ee629525a0cb85b9fe
  R.swift: ec98ff71c4ab2f6fd01dd077e5afd15e63a4834c
  R.swift.Library: 0fc583cb55a99e28901299cc451614cad1161962
  SDWebImage: 72f86271a6f3139cc7e4a89220946489d4b9a866
  SDWebImageSwiftUI: 8a3923c95108312b03a599ec1498754af55a6819

PODFILE CHECKSUM: 38ce168c0a45050a1557f111622c761fd13b02d0

COCOAPODS: 1.11.3
